# THIS IS AN AUTOGENERATED FILE. DO NOT EDIT THIS FILE DIRECTLY.
# yarn lockfile v1


"@types/node@^22.10.1":
  version "22.10.1"
  resolved "https://registry.npmjs.org/@types/node/-/node-22.10.1.tgz"
  integrity sha512-qKgsUwfHZV2WCWLAnVP1JqnpE6Im6h3Y0+fYgMTasNQ7V++CBX5OT1as0g0f+OyubbFqhf6XVNIsmN4IIhEgGQ==
  dependencies:
    undici-types "~6.20.0"

ansi-red@^0.1.1:
  version "0.1.1"
  resolved "https://registry.npmjs.org/ansi-red/-/ansi-red-0.1.1.tgz"
  dependencies:
    ansi-wrap "0.1.0"

ansi-regex@^5.0.1:
  version "5.0.1"
  resolved "https://registry.npmjs.org/ansi-regex/-/ansi-regex-5.0.1.tgz"
  integrity sha512-quJQXlTSUGL2LH9SUXo8VwsY4soanhgo6LNSm84E1LBcE8s3O0wpdiRzyR9z/ZZJMlMWv37qOOb9pdJlMUEKFQ==

ansi-styles@^4.1.0:
  version "4.3.0"
  resolved "https://registry.npmjs.org/ansi-styles/-/ansi-styles-4.3.0.tgz"
  integrity sha512-zbB9rCJAT1rbjiVDb2hqKFHNYLxgtk8NURxZ3IZwD3F6NtxbXZQCnnSi1Lkx+IDohdPlFp222wVALIheZJQSEg==
  dependencies:
    color-convert "^2.0.1"

ansi-wrap@0.1.0:
  version "0.1.0"
  resolved "https://registry.npmjs.org/ansi-wrap/-/ansi-wrap-0.1.0.tgz"

arg@^4.1.0:
  version "4.1.2"
  resolved "https://registry.npmjs.org/arg/-/arg-4.1.2.tgz"

argparse@^1.0.10, argparse@^1.0.7:
  version "1.0.10"
  resolved "https://registry.npmjs.org/argparse/-/argparse-1.0.10.tgz"
  dependencies:
    sprintf-js "~1.0.2"

autolinker@~0.28.0:
  version "0.28.1"
  resolved "https://registry.npmjs.org/autolinker/-/autolinker-0.28.1.tgz"
  dependencies:
    gulp-header "^1.7.1"

buffer-from@^1.0.0:
  version "1.1.1"
  resolved "https://registry.npmjs.org/buffer-from/-/buffer-from-1.1.1.tgz"

chalk@^4.1.2:
  version "4.1.2"
  resolved "https://registry.npmjs.org/chalk/-/chalk-4.1.2.tgz"
  integrity sha512-oKnbhFyRIXpUuez8iBMmyEa4nbj4IOQyuhc/wy9kY7/WVPcwIO9VA668Pu8RkO7+0G76SLROeyw9CpQ061i4mA==
  dependencies:
    ansi-styles "^4.1.0"
    supports-color "^7.1.0"

coffee-script@^1.12.4:
  version "1.12.7"
  resolved "https://registry.npmjs.org/coffee-script/-/coffee-script-1.12.7.tgz"

color-convert@^2.0.1:
  version "2.0.1"
  resolved "https://registry.npmjs.org/color-convert/-/color-convert-2.0.1.tgz"
  integrity sha512-RRECPsj7iu/xb5oKYcsFHSppFNnsj/52OVTRKb4zP5onXwVF3zVmmToNcOfGC+CRDpfK/U584fMg38ZHCaElKQ==
  dependencies:
    color-name "~1.1.4"

color-name@~1.1.4:
  version "1.1.4"
  resolved "https://registry.npmjs.org/color-name/-/color-name-1.1.4.tgz"
  integrity sha512-dOy+3AuW3a2wNbZHIuMZpTcgjGuLU/uBL/ubcZF9OXbDo8ff4O8yVp5Bf0efS8uEoYo5q4Fx7dY9OgQGXgAsQA==

concat-stream@^1.5.2:
  version "1.6.2"
  resolved "https://registry.npmjs.org/concat-stream/-/concat-stream-1.6.2.tgz"
  dependencies:
    buffer-from "^1.0.0"
    inherits "^2.0.3"
    readable-stream "^2.2.2"
    typedarray "^0.0.6"

concat-with-sourcemaps@*:
  version "1.1.0"
  resolved "https://registry.npmjs.org/concat-with-sourcemaps/-/concat-with-sourcemaps-1.1.0.tgz"
  dependencies:
    source-map "^0.6.1"

core-util-is@~1.0.0:
  version "1.0.2"
  resolved "https://registry.npmjs.org/core-util-is/-/core-util-is-1.0.2.tgz"

diacritics-map@^0.1.0:
  version "0.1.0"
  resolved "https://registry.npmjs.org/diacritics-map/-/diacritics-map-0.1.0.tgz"

diff@^4.0.1:
  version "4.0.1"
  resolved "https://registry.npmjs.org/diff/-/diff-4.0.1.tgz"

esprima@^4.0.0:
  version "4.0.1"
  resolved "https://registry.npmjs.org/esprima/-/esprima-4.0.1.tgz"

expand-range@^1.8.1:
  version "1.8.2"
  resolved "https://registry.npmjs.org/expand-range/-/expand-range-1.8.2.tgz"
  dependencies:
    fill-range "^2.1.0"

extend-shallow@^2.0.1:
  version "2.0.1"
  resolved "https://registry.npmjs.org/extend-shallow/-/extend-shallow-2.0.1.tgz"
  dependencies:
    is-extendable "^0.1.0"

fill-range@^2.1.0:
  version "2.2.4"
  resolved "https://registry.npmjs.org/fill-range/-/fill-range-2.2.4.tgz"
  dependencies:
    is-number "^2.1.0"
    isobject "^2.0.0"
    randomatic "^3.0.0"
    repeat-element "^1.1.2"
    repeat-string "^1.5.2"

for-in@^1.0.2:
  version "1.0.2"
  resolved "https://registry.npmjs.org/for-in/-/for-in-1.0.2.tgz"

function-bind@^1.1.2:
  version "1.1.2"
  resolved "https://registry.npmjs.org/function-bind/-/function-bind-1.1.2.tgz"
  integrity sha512-7XHNxH7qX9xG5mIwxkhumTox/MIRNcOgDrxWsMt2pAr23WHp6MrRlN7FBSFpCpr+oVO0F744iUgR82nJMfG2SA==

global-prefix@^4.0.0:
  version "4.0.0"
  resolved "https://registry.npmjs.org/global-prefix/-/global-prefix-4.0.0.tgz"
  integrity sha512-w0Uf9Y9/nyHinEk5vMJKRie+wa4kR5hmDbEhGGds/kG1PwGLLHKRoNMeJOyCQjjBkANlnScqgzcFwGHgmgLkVA==
  dependencies:
    ini "^4.1.3"
    kind-of "^6.0.3"
    which "^4.0.0"

gray-matter@^2.1.0:
  version "2.1.1"
  resolved "https://registry.npmjs.org/gray-matter/-/gray-matter-2.1.1.tgz"
  dependencies:
    ansi-red "^0.1.1"
    coffee-script "^1.12.4"
    extend-shallow "^2.0.1"
    js-yaml "^3.8.1"
    toml "^2.3.2"

gulp-header@^1.7.1:
  version "1.8.12"
  resolved "https://registry.npmjs.org/gulp-header/-/gulp-header-1.8.12.tgz"
  dependencies:
    concat-with-sourcemaps "*"
    lodash.template "^4.4.0"
    through2 "^2.0.0"

has-flag@^4.0.0:
  version "4.0.0"
  resolved "https://registry.npmjs.org/has-flag/-/has-flag-4.0.0.tgz"
  integrity sha512-EykJT/Q1KjTWctppgIAgfSO0tKVuZUjhgMr17kqTumMl6Afv3EISleU7qZUzoXDFTAHTDC4NOoG/ZxU3EvlMPQ==

hasown@^2.0.2:
  version "2.0.2"
  resolved "https://registry.npmjs.org/hasown/-/hasown-2.0.2.tgz"
  integrity sha512-0hJU9SCPvmMzIBdZFqNPXWa6dqh7WdH0cII9y+CyS8rG3nL48Bclra9HmKhVVUHyPWNH5Y7xDwAB7bfgSjkUMQ==
  dependencies:
    function-bind "^1.1.2"

inherits@^2.0.3, inherits@~2.0.3:
  version "2.0.4"
  resolved "https://registry.npmjs.org/inherits/-/inherits-2.0.4.tgz"

ini@^4.1.3:
  version "4.1.3"
  resolved "https://registry.npmjs.org/ini/-/ini-4.1.3.tgz"
  integrity sha512-X7rqawQBvfdjS10YU1y1YVreA3SsLrW9dX2CewP2EbBJM4ypVNLDkO5y04gejPwKIY9lR+7r9gn3rFPt/kmWFg==

is-buffer@^1.1.5:
  version "1.1.6"
  resolved "https://registry.npmjs.org/is-buffer/-/is-buffer-1.1.6.tgz"

is-core-module@^2.13.0:
  version "2.15.1"
  resolved "https://registry.npmjs.org/is-core-module/-/is-core-module-2.15.1.tgz"
  integrity sha512-z0vtXSwucUJtANQWldhbtbt7BnL0vxiFjIdDLAatwhDYty2bad6s+rijD6Ri4YuYJubLzIJLUidCh09e1djEVQ==
  dependencies:
    hasown "^2.0.2"

is-extendable@^0.1.0:
  version "0.1.1"
  resolved "https://registry.npmjs.org/is-extendable/-/is-extendable-0.1.1.tgz"

is-extendable@^1.0.1:
  version "1.0.1"
  resolved "https://registry.npmjs.org/is-extendable/-/is-extendable-1.0.1.tgz"
  dependencies:
    is-plain-object "^2.0.4"

is-number@^2.1.0:
  version "2.1.0"
  resolved "https://registry.npmjs.org/is-number/-/is-number-2.1.0.tgz"
  dependencies:
    kind-of "^3.0.2"

is-number@^4.0.0:
  version "4.0.0"
  resolved "https://registry.npmjs.org/is-number/-/is-number-4.0.0.tgz"

is-plain-object@^2.0.4:
  version "2.0.4"
  resolved "https://registry.npmjs.org/is-plain-object/-/is-plain-object-2.0.4.tgz"
  dependencies:
    isobject "^3.0.1"

isarray@~1.0.0, isarray@1.0.0:
  version "1.0.0"
  resolved "https://registry.npmjs.org/isarray/-/isarray-1.0.0.tgz"

isexe@^3.1.1:
  version "3.1.1"
  resolved "https://registry.npmjs.org/isexe/-/isexe-3.1.1.tgz"
  integrity sha512-LpB/54B+/2J5hqQ7imZHfdU31OlgQqx7ZicVlkm9kzg9/w8GKLEcFfJl/t7DCEDueOyBAD6zCCwTO6Fzs0NoEQ==

isobject@^2.0.0:
  version "2.1.0"
  resolved "https://registry.npmjs.org/isobject/-/isobject-2.1.0.tgz"
  dependencies:
    isarray "1.0.0"

isobject@^3.0.1:
  version "3.0.1"
  resolved "https://registry.npmjs.org/isobject/-/isobject-3.0.1.tgz"

js-yaml@^3.8.1:
  version "3.13.1"
  resolved "https://registry.npmjs.org/js-yaml/-/js-yaml-3.13.1.tgz"
  dependencies:
    argparse "^1.0.7"
    esprima "^4.0.0"

kind-of@^3.0.2:
  version "3.2.2"
  resolved "https://registry.npmjs.org/kind-of/-/kind-of-3.2.2.tgz"
  dependencies:
    is-buffer "^1.1.5"

kind-of@^6.0.0:
  version "6.0.2"
  resolved "https://registry.npmjs.org/kind-of/-/kind-of-6.0.2.tgz"

kind-of@^6.0.3:
  version "6.0.3"
  resolved "https://registry.npmjs.org/kind-of/-/kind-of-6.0.3.tgz"
  integrity sha512-dcS1ul+9tmeD95T+x28/ehLgd9mENa3LsvDTtzm3vyBEO7RPptvAD+t44WVXaUjTBRcrpFeFlC8WCruUR456hw==

lazy-cache@^2.0.2:
  version "2.0.2"
  resolved "https://registry.npmjs.org/lazy-cache/-/lazy-cache-2.0.2.tgz"
  dependencies:
    set-getter "^0.1.0"

list-item@^1.1.1:
  version "1.1.1"
  resolved "https://registry.npmjs.org/list-item/-/list-item-1.1.1.tgz"
  dependencies:
    expand-range "^1.8.1"
    extend-shallow "^2.0.1"
    is-number "^2.1.0"
    repeat-string "^1.5.2"

lodash._reinterpolate@^3.0.0:
  version "3.0.0"
  resolved "https://registry.npmjs.org/lodash._reinterpolate/-/lodash._reinterpolate-3.0.0.tgz"

lodash.template@^4.4.0:
  version "4.5.0"
  resolved "https://registry.npmjs.org/lodash.template/-/lodash.template-4.5.0.tgz"
  dependencies:
    lodash._reinterpolate "^3.0.0"
    lodash.templatesettings "^4.0.0"

lodash.templatesettings@^4.0.0:
  version "4.2.0"
  resolved "https://registry.npmjs.org/lodash.templatesettings/-/lodash.templatesettings-4.2.0.tgz"
  dependencies:
    lodash._reinterpolate "^3.0.0"

make-error@^1.1.1:
  version "1.3.5"
  resolved "https://registry.npmjs.org/make-error/-/make-error-1.3.5.tgz"

markdown-link@^0.1.1:
  version "0.1.1"
  resolved "https://registry.npmjs.org/markdown-link/-/markdown-link-0.1.1.tgz"

markdown-toc@^1.2.0:
  version "1.2.0"
  resolved "https://registry.npmjs.org/markdown-toc/-/markdown-toc-1.2.0.tgz"
  dependencies:
    concat-stream "^1.5.2"
    diacritics-map "^0.1.0"
    gray-matter "^2.1.0"
    lazy-cache "^2.0.2"
    list-item "^1.1.1"
    markdown-link "^0.1.1"
    minimist "^1.2.0"
    mixin-deep "^1.1.3"
    object.pick "^1.2.0"
    remarkable "^1.7.1"
    repeat-string "^1.6.1"
    strip-color "^0.1.0"

math-random@^1.0.1:
  version "1.0.4"
  resolved "https://registry.npmjs.org/math-random/-/math-random-1.0.4.tgz"

minimist@^1.2.0:
  version "1.2.5"
  resolved "https://registry.npmjs.org/minimist/-/minimist-1.2.5.tgz"

minimist@^1.2.8:
  version "1.2.8"
  resolved "https://registry.npmjs.org/minimist/-/minimist-1.2.8.tgz"
  integrity sha512-2yyAR8qBkN3YuheJanUpWC5U3bb5osDywNB8RzDVlDwDHbocAJveqqj1u8+SVD7jkWT4yvsHCpWqqWqAxb0zCA==

mixin-deep@^1.1.3:
  version "1.3.2"
  resolved "https://registry.npmjs.org/mixin-deep/-/mixin-deep-1.3.2.tgz"
  dependencies:
    for-in "^1.0.2"
    is-extendable "^1.0.1"

object.pick@^1.2.0:
  version "1.3.0"
  resolved "https://registry.npmjs.org/object.pick/-/object.pick-1.3.0.tgz"
  dependencies:
    isobject "^3.0.1"

path-parse@^1.0.7:
  version "1.0.7"
  resolved "https://registry.npmjs.org/path-parse/-/path-parse-1.0.7.tgz"
  integrity sha512-LDJzPVEEEPR+y48z93A0Ed0yXb8pAByGWo/k5YYdYgpY2/2EsOsksJrq7lOHxryrVOn1ejG6oAp8ahvOIQD8sw==

process-nextick-args@~2.0.0:
  version "2.0.1"
  resolved "https://registry.npmjs.org/process-nextick-args/-/process-nextick-args-2.0.1.tgz"

randomatic@^3.0.0:
  version "3.1.1"
  resolved "https://registry.npmjs.org/randomatic/-/randomatic-3.1.1.tgz"
  dependencies:
    is-number "^4.0.0"
    kind-of "^6.0.0"
    math-random "^1.0.1"

readable-stream@^2.2.2, readable-stream@~2.3.6:
  version "2.3.6"
  resolved "https://registry.npmjs.org/readable-stream/-/readable-stream-2.3.6.tgz"
  dependencies:
    core-util-is "~1.0.0"
    inherits "~2.0.3"
    isarray "~1.0.0"
    process-nextick-args "~2.0.0"
    safe-buffer "~5.1.1"
    string_decoder "~1.1.1"
    util-deprecate "~1.0.1"

remarkable@^1.7.1:
  version "1.7.4"
  resolved "https://registry.npmjs.org/remarkable/-/remarkable-1.7.4.tgz"
  dependencies:
    argparse "^1.0.10"
    autolinker "~0.28.0"

repeat-element@^1.1.2:
  version "1.1.3"
  resolved "https://registry.npmjs.org/repeat-element/-/repeat-element-1.1.3.tgz"

repeat-string@^1.5.2, repeat-string@^1.6.1:
  version "1.6.1"
  resolved "https://registry.npmjs.org/repeat-string/-/repeat-string-1.6.1.tgz"

resolve@^1.22.2:
  version "1.22.8"
  resolved "https://registry.npmjs.org/resolve/-/resolve-1.22.8.tgz"
  integrity sha512-oKWePCxqpd6FlLvGV1VU0x7bkPmmCNolxzjMf4NczoDnQcIWrAF+cPtZn5i6n+RfD2d9i0tzpKnG6Yk168yIyw==
  dependencies:
    is-core-module "^2.13.0"
    path-parse "^1.0.7"
    supports-preserve-symlinks-flag "^1.0.0"

safe-buffer@~5.1.0, safe-buffer@~5.1.1:
  version "5.1.2"
  resolved "https://registry.npmjs.org/safe-buffer/-/safe-buffer-5.1.2.tgz"

semver@^7.6.3:
  version "7.6.3"
  resolved "https://registry.npmjs.org/semver/-/semver-7.6.3.tgz"
  integrity sha512-oVekP1cKtI+CTDvHWYFUcMtsK/00wmAEfyqKfNdARm8u1wNVhSgaX7A8d4UuIlUI5e84iEwOhs7ZPYRmzU9U6A==

set-getter@^0.1.0:
  version "0.1.0"
  resolved "https://registry.npmjs.org/set-getter/-/set-getter-0.1.0.tgz"
  dependencies:
    to-object-path "^0.3.0"

source-map-support@^0.5.6:
  version "0.5.16"
  resolved "https://registry.npmjs.org/source-map-support/-/source-map-support-0.5.16.tgz"
  dependencies:
    buffer-from "^1.0.0"
    source-map "^0.6.0"

source-map@^0.6.0, source-map@^0.6.1:
  version "0.6.1"
  resolved "https://registry.npmjs.org/source-map/-/source-map-0.6.1.tgz"

sprintf-js@~1.0.2:
  version "1.0.3"
  resolved "https://registry.npmjs.org/sprintf-js/-/sprintf-js-1.0.3.tgz"

string_decoder@~1.1.1:
  version "1.1.1"
  resolved "https://registry.npmjs.org/string_decoder/-/string_decoder-1.1.1.tgz"
  dependencies:
    safe-buffer "~5.1.0"

strip-ansi@^6.0.1:
  version "6.0.1"
  resolved "https://registry.npmjs.org/strip-ansi/-/strip-ansi-6.0.1.tgz"
  integrity sha512-Y38VPSHcqkFrCpFnQ9vuSXmquuv5oXOKpGeT6aGrr3o3Gc9AlVa6JBfUSOCnbxGGZF+/0ooI7KrPuUSztUdU5A==
  dependencies:
    ansi-regex "^5.0.1"

strip-color@^0.1.0:
  version "0.1.0"
  resolved "https://registry.npmjs.org/strip-color/-/strip-color-0.1.0.tgz"

supports-color@^7.1.0:
  version "7.2.0"
  resolved "https://registry.npmjs.org/supports-color/-/supports-color-7.2.0.tgz"
  integrity sha512-qpCAvRl9stuOHveKsn7HncJRvv501qIacKzQlO/+Lwxc9+0q2wLyv4Dfvt80/DPn2pqOBsJdDiogXGR9+OvwRw==
  dependencies:
    has-flag "^4.0.0"

supports-preserve-symlinks-flag@^1.0.0:
  version "1.0.0"
  resolved "https://registry.npmjs.org/supports-preserve-symlinks-flag/-/supports-preserve-symlinks-flag-1.0.0.tgz"
  integrity sha512-ot0WnXS9fgdkgIcePe6RHNk1WA8+muPa6cSjeR3V8K27q9BB1rTE3R1p7Hv0z1ZyAc8s6Vvv8DIyWf681MAt0w==

through2@^2.0.0:
  version "2.0.5"
  resolved "https://registry.npmjs.org/through2/-/through2-2.0.5.tgz"
  dependencies:
    readable-stream "~2.3.6"
    xtend "~4.0.1"

to-object-path@^0.3.0:
  version "0.3.0"
  resolved "https://registry.npmjs.org/to-object-path/-/to-object-path-0.3.0.tgz"
  dependencies:
    kind-of "^3.0.2"

toml@^2.3.2:
  version "2.3.6"
  resolved "https://registry.npmjs.org/toml/-/toml-2.3.6.tgz"

ts-node@^8.5.4:
  version "8.5.4"
  resolved "https://registry.npmjs.org/ts-node/-/ts-node-8.5.4.tgz"
  dependencies:
    arg "^4.1.0"
    diff "^4.0.1"
    make-error "^1.1.1"
    source-map-support "^0.5.6"
    yn "^3.0.0"

ts-patch@^3.3.0:
  version "3.3.0"
  resolved "https://registry.npmjs.org/ts-patch/-/ts-patch-3.3.0.tgz"
  integrity sha512-zAOzDnd5qsfEnjd9IGy1IRuvA7ygyyxxdxesbhMdutt8AHFjD8Vw8hU2rMF89HX1BKRWFYqKHrO8Q6lw0NeUZg==
  dependencies:
    chalk "^4.1.2"
    global-prefix "^4.0.0"
    minimist "^1.2.8"
    resolve "^1.22.2"
    semver "^7.6.3"
    strip-ansi "^6.0.1"

typedarray@^0.0.6:
  version "0.0.6"
  resolved "https://registry.npmjs.org/typedarray/-/typedarray-0.0.6.tgz"

typescript@>=2.0, typescript@5.7.2:
  version "5.7.2"
  resolved "https://registry.npmjs.org/typescript/-/typescript-5.7.2.tgz"
  integrity sha512-i5t66RHxDvVN40HfDd1PsEThGNnlMCMT3jMUuoh9/0TaqWevNontacunWyN02LA9/fIbEWlcHZcgTKb9QoaLfg==

undici-types@~6.20.0:
  version "6.20.0"
  resolved "https://registry.npmjs.org/undici-types/-/undici-types-6.20.0.tgz"
  integrity sha512-Ny6QZ2Nju20vw1SRHe3d9jVu6gJ+4e3+MMpqu7pqE5HT6WsTSlce++GQmK5UXS8mzV8DSYHrQH+Xrf2jVcuKNg==

util-deprecate@~1.0.1:
  version "1.0.2"
  resolved "https://registry.npmjs.org/util-deprecate/-/util-deprecate-1.0.2.tgz"

which@^4.0.0:
  version "4.0.0"
  resolved "https://registry.npmjs.org/which/-/which-4.0.0.tgz"
  integrity sha512-GlaYyEb07DPxYCKhKzplCWBJtvxZcZMrL+4UkrTSJHHPyZU4mYYTv3qaOe77H7EODLSSopAUFAc6W8U4yqvscg==
  dependencies:
    isexe "^3.1.1"

xtend@~4.0.1:
  version "4.0.2"
  resolved "https://registry.npmjs.org/xtend/-/xtend-4.0.2.tgz"

yn@^3.0.0:
  version "3.1.1"
  resolved "https://registry.npmjs.org/yn/-/yn-3.1.1.tgz"
